// !$*UTF8*$!
{
	archiveVersion = 1;
	classes = {
	};
	objectVersion = 46;
	objects = {

/* Begin PBXBuildFile section */
		740BC06B1C5995F00043298C /* AppDelegate.swift in Sources */ = {isa = PBXBuildFile; fileRef = 740BC06A1C5995F00043298C /* AppDelegate.swift */; };
		740BC06D1C5995F00043298C /* ViewController.swift in Sources */ = {isa = PBXBuildFile; fileRef = 740BC06C1C5995F00043298C /* ViewController.swift */; };
		740BC0701C5995F00043298C /* Main.storyboard in Resources */ = {isa = PBXBuildFile; fileRef = 740BC06E1C5995F00043298C /* Main.storyboard */; };
		740BC0721C5995F00043298C /* Assets.xcassets in Resources */ = {isa = PBXBuildFile; fileRef = 740BC0711C5995F00043298C /* Assets.xcassets */; };
		740BC0751C5995F00043298C /* LaunchScreen.storyboard in Resources */ = {isa = PBXBuildFile; fileRef = 740BC0731C5995F00043298C /* LaunchScreen.storyboard */; };
		740BC0801C5995F00043298C /* FoodTrackerTests.swift in Sources */ = {isa = PBXBuildFile; fileRef = 740BC07F1C5995F00043298C /* FoodTrackerTests.swift */; };
/* End PBXBuildFile section */

/* Begin PBXContainerItemProxy section */
		740BC07C1C5995F00043298C /* PBXContainerItemProxy */ = {
			isa = PBXContainerItemProxy;
			containerPortal = 740BC05F1C5995F00043298C /* Project object */;
			proxyType = 1;
			remoteGlobalIDString = 740BC0661C5995F00043298C;
			remoteInfo = FoodTracker;
		};
/* End PBXContainerItemProxy section */

/* Begin PBXFileReference section */
		740BC0671C5995F00043298C /* FoodTracker.app */ = {isa = PBXFileReference; explicitFileType = wrapper.application; includeInIndex = 0; path = FoodTracker.app; sourceTree = BUILT_PRODUCTS_DIR; };
		740BC06A1C5995F00043298C /* AppDelegate.swift */ = {isa = PBXFileReference; lastKnownFileType = sourcecode.swift; path = AppDelegate.swift; sourceTree = "<group>"; };
		740BC06C1C5995F00043298C /* ViewController.swift */ = {isa = PBXFileReference; lastKnownFileType = sourcecode.swift; path = ViewController.swift; sourceTree = "<group>"; };
		740BC06F1C5995F00043298C /* Base */ = {isa = PBXFileReference; lastKnownFileType = file.storyboard; name = Base; path = Base.lproj/Main.storyboard; sourceTree = "<group>"; };
		740BC0711C5995F00043298C /* Assets.xcassets */ = {isa = PBXFileReference; lastKnownFileType = folder.assetcatalog; path = Assets.xcassets; sourceTree = "<group>"; };
		740BC0741C5995F00043298C /* Base */ = {isa = PBXFileReference; lastKnownFileType = file.storyboard; name = Base; path = Base.lproj/LaunchScreen.storyboard; sourceTree = "<group>"; };
		740BC0761C5995F00043298C /* Info.plist */ = {isa = PBXFileReference; lastKnownFileType = text.plist.xml; path = Info.plist; sourceTree = "<group>"; };
		740BC07B1C5995F00043298C /* FoodTrackerTests.xctest */ = {isa = PBXFileReference; explicitFileType = wrapper.cfbundle; includeInIndex = 0; path = FoodTrackerTests.xctest; sourceTree = BUILT_PRODUCTS_DIR; };
		740BC07F1C5995F00043298C /* FoodTrackerTests.swift */ = {isa = PBXFileReference; lastKnownFileType = sourcecode.swift; path = FoodTrackerTests.swift; sourceTree = "<group>"; };
		740BC0811C5995F00043298C /* Info.plist */ = {isa = PBXFileReference; lastKnownFileType = text.plist.xml; path = Info.plist; sourceTree = "<group>"; };
/* End PBXFileReference section */

/* Begin PBXFrameworksBuildPhase section */
		740BC0641C5995F00043298C /* Frameworks */ = {
			isa = PBXFrameworksBuildPhase;
			buildActionMask = 2147483647;
			files = (
			);
			runOnlyForDeploymentPostprocessing = 0;
		};
		740BC0781C5995F00043298C /* Frameworks */ = {
			isa = PBXFrameworksBuildPhase;
			buildActionMask = 2147483647;
			files = (
			);
			runOnlyForDeploymentPostprocessing = 0;
		};
/* End PBXFrameworksBuildPhase section */

/* Begin PBXGroup section */
		740BC05E1C5995F00043298C = {
			isa = PBXGroup;
			children = (
				740BC0691C5995F00043298C /* FoodTracker */,
				740BC07E1C5995F00043298C /* FoodTrackerTests */,
				740BC0681C5995F00043298C /* Products */,
			);
			sourceTree = "<group>";
		};
		740BC0681C5995F00043298C /* Products */ = {
			isa = PBXGroup;
			children = (
				740BC0671C5995F00043298C /* FoodTracker.app */,
				740BC07B1C5995F00043298C /* FoodTrackerTests.xctest */,
			);
			name = Products;
			sourceTree = "<group>";
		};
		740BC0691C5995F00043298C /* FoodTracker */ = {
			isa = PBXGroup;
			children = (
				740BC06A1C5995F00043298C /* AppDelegate.swift */,
				740BC06C1C5995F00043298C /* ViewController.swift */,
				740BC06E1C5995F00043298C /* Main.storyboard */,
				740BC0711C5995F00043298C /* Assets.xcassets */,
				740BC0731C5995F00043298C /* LaunchScreen.storyboard */,
				740BC0761C5995F00043298C /* Info.plist */,
			);
			path = FoodTracker;
			sourceTree = "<group>";
		};
		740BC07E1C5995F00043298C /* FoodTrackerTests */ = {
			isa = PBXGroup;
			children = (
				740BC07F1C5995F00043298C /* FoodTrackerTests.swift */,
				740BC0811C5995F00043298C /* Info.plist */,
			);
			path = FoodTrackerTests;
			sourceTree = "<group>";
		};
/* End PBXGroup section */

/* Begin PBXNativeTarget section */
		740BC0661C5995F00043298C /* FoodTracker */ = {
			isa = PBXNativeTarget;
			buildConfigurationList = 740BC0841C5995F00043298C /* Build configuration list for PBXNativeTarget "FoodTracker" */;
			buildPhases = (
				740BC0631C5995F00043298C /* Sources */,
				740BC0641C5995F00043298C /* Frameworks */,
				740BC0651C5995F00043298C /* Resources */,
			);
			buildRules = (
			);
			dependencies = (
			);
			name = FoodTracker;
			productName = FoodTracker;
			productReference = 740BC0671C5995F00043298C /* FoodTracker.app */;
			productType = "com.apple.product-type.application";
		};
		740BC07A1C5995F00043298C /* FoodTrackerTests */ = {
			isa = PBXNativeTarget;
			buildConfigurationList = 740BC0871C5995F00043298C /* Build configuration list for PBXNativeTarget "FoodTrackerTests" */;
			buildPhases = (
				740BC0771C5995F00043298C /* Sources */,
				740BC0781C5995F00043298C /* Frameworks */,
				740BC0791C5995F00043298C /* Resources */,
			);
			buildRules = (
			);
			dependencies = (
				740BC07D1C5995F00043298C /* PBXTargetDependency */,
			);
			name = FoodTrackerTests;
			productName = FoodTrackerTests;
			productReference = 740BC07B1C5995F00043298C /* FoodTrackerTests.xctest */;
			productType = "com.apple.product-type.bundle.unit-test";
		};
/* End PBXNativeTarget section */

/* Begin PBXProject section */
		740BC05F1C5995F00043298C /* Project object */ = {
			isa = PBXProject;
			attributes = {
				LastSwiftUpdateCheck = 0720;
				LastUpgradeCheck = 0720;
				ORGANIZATIONNAME = "Cameron Moss";
				TargetAttributes = {
					740BC0661C5995F00043298C = {
						CreatedOnToolsVersion = 7.2;
						DevelopmentTeam = GS7HTR2SE8;
					};
					740BC07A1C5995F00043298C = {
						CreatedOnToolsVersion = 7.2;
						DevelopmentTeam = GS7HTR2SE8;
						TestTargetID = 740BC0661C5995F00043298C;
					};
				};
			};
			buildConfigurationList = 740BC0621C5995F00043298C /* Build configuration list for PBXProject "FoodTracker" */;
			compatibilityVersion = "Xcode 3.2";
			developmentRegion = English;
			hasScannedForEncodings = 0;
			knownRegions = (
				en,
				Base,
			);
			mainGroup = 740BC05E1C5995F00043298C;
			productRefGroup = 740BC0681C5995F00043298C /* Products */;
			projectDirPath = "";
			projectRoot = "";
			targets = (
				740BC0661C5995F00043298C /* FoodTracker */,
				740BC07A1C5995F00043298C /* FoodTrackerTests */,
			);
		};
/* End PBXProject section */

/* Begin PBXResourcesBuildPhase section */
		740BC0651C5995F00043298C /* Resources */ = {
			isa = PBXResourcesBuildPhase;
			buildActionMask = 2147483647;
			files = (
				740BC0751C5995F00043298C /* LaunchScreen.storyboard in Resources */,
				740BC0721C5995F00043298C /* Assets.xcassets in Resources */,
				740BC0701C5995F00043298C /* Main.storyboard in Resources */,
			);
			runOnlyForDeploymentPostprocessing = 0;
		};
		740BC0791C5995F00043298C /* Resources */ = {
			isa = PBXResourcesBuildPhase;
			buildActionMask = 2147483647;
			files = (
			);
			runOnlyForDeploymentPostprocessing = 0;
		};
/* End PBXResourcesBuildPhase section */

/* Begin PBXSourcesBuildPhase section */
		740BC0631C5995F00043298C /* Sources */ = {
			isa = PBXSourcesBuildPhase;
			buildActionMask = 2147483647;
			files = (
				740BC06D1C5995F00043298C /* ViewController.swift in Sources */,
				740BC06B1C5995F00043298C /* AppDelegate.swift in Sources */,
			);
			runOnlyForDeploymentPostprocessing = 0;
		};
		740BC0771C5995F00043298C /* Sources */ = {
			isa = PBXSourcesBuildPhase;
			buildActionMask = 2147483647;
			files = (
				740BC0801C5995F00043298C /* FoodTrackerTests.swift in Sources */,
			);
			runOnlyForDeploymentPostprocessing = 0;
		};
/* End PBXSourcesBuildPhase section */

/* Begin PBXTargetDependency section */
		740BC07D1C5995F00043298C /* PBXTargetDependency */ = {
			isa = PBXTargetDependency;
			target = 740BC0661C5995F00043298C /* FoodTracker */;
			targetProxy = 740BC07C1C5995F00043298C /* PBXContainerItemProxy */;
		};
/* End PBXTargetDependency section */

/* Begin PBXVariantGroup section */
		740BC06E1C5995F00043298C /* Main.storyboard */ = {
			isa = PBXVariantGroup;
			children = (
				740BC06F1C5995F00043298C /* Base */,
			);
			name = Main.storyboard;
			sourceTree = "<group>";
		};
		740BC0731C5995F00043298C /* LaunchScreen.storyboard */ = {
			isa = PBXVariantGroup;
			children = (
				740BC0741C5995F00043298C /* Base */,
			);
			name = LaunchScreen.storyboard;
			sourceTree = "<group>";
		};
/* End PBXVariantGroup section */

/* Begin XCBuildConfiguration section */
		740BC0821C5995F00043298C /* Debug */ = {
			isa = XCBuildConfiguration;
			buildSettings = {
				ALWAYS_SEARCH_USER_PATHS = NO;
				CLANG_CXX_LANGUAGE_STANDARD = "gnu++0x";
				CLANG_CXX_LIBRARY = "libc++";
				CLANG_ENABLE_MODULES = YES;
				CLANG_ENABLE_OBJC_ARC = YES;
				CLANG_WARN_BOOL_CONVERSION = YES;
				CLANG_WARN_CONSTANT_CONVERSION = YES;
				CLANG_WARN_DIRECT_OBJC_ISA_USAGE = YES_ERROR;
				CLANG_WARN_EMPTY_BODY = YES;
				CLANG_WARN_ENUM_CONVERSION = YES;
				CLANG_WARN_INT_CONVERSION = YES;
				CLANG_WARN_OBJC_ROOT_CLASS = YES_ERROR;
				CLANG_WARN_UNREACHABLE_CODE = YES;
				CLANG_WARN__DUPLICATE_METHOD_MATCH = YES;
				"CODE_SIGN_IDENTITY[sdk=iphoneos*]" = "iPhone Developer";
				COPY_PHASE_STRIP = NO;
				DEBUG_INFORMATION_FORMAT = dwarf;
				ENABLE_STRICT_OBJC_MSGSEND = YES;
				ENABLE_TESTABILITY = YES;
				GCC_C_LANGUAGE_STANDARD = gnu99;
				GCC_DYNAMIC_NO_PIC = NO;
				GCC_NO_COMMON_BLOCKS = YES;
				GCC_OPTIMIZATION_LEVEL = 0;
				GCC_PREPROCESSOR_DEFINITIONS = (
					"DEBUG=1",
					"$(inherited)",
				);
				GCC_WARN_64_TO_32_BIT_CONVERSION = YES;
				GCC_WARN_ABOUT_RETURN_TYPE = YES_ERROR;
				GCC_WARN_UNDECLARED_SELECTOR = YES;
				GCC_WARN_UNINITIALIZED_AUTOS = YES_AGGRESSIVE;
				GCC_WARN_UNUSED_FUNCTION = YES;
				GCC_WARN_UNUSED_VARIABLE = YES;
				IPHONEOS_DEPLOYMENT_TARGET = 9.2;
				MTL_ENABLE_DEBUG_INFO = YES;
				ONLY_ACTIVE_ARCH = YES;
				SDKROOT = iphoneos;
				SWIFT_OPTIMIZATION_LEVEL = "-Onone";
				TARGETED_DEVICE_FAMILY = "1,2";
			};
			name = Debug;
		};
		740BC0831C5995F00043298C /* Release */ = {
			isa = XCBuildConfiguration;
			buildSettings = {
				ALWAYS_SEARCH_USER_PATHS = NO;
				CLANG_CXX_LANGUAGE_STANDARD = "gnu++0x";
				CLANG_CXX_LIBRARY = "libc++";
				CLANG_ENABLE_MODULES = YES;
				CLANG_ENABLE_OBJC_ARC = YES;
				CLANG_WARN_BOOL_CONVERSION = YES;
				CLANG_WARN_CONSTANT_CONVERSION = YES;
				CLANG_WARN_DIRECT_OBJC_ISA_USAGE = YES_ERROR;
				CLANG_WARN_EMPTY_BODY = YES;
				CLANG_WARN_ENUM_CONVERSION = YES;
				CLANG_WARN_INT_CONVERSION = YES;
				CLANG_WARN_OBJC_ROOT_CLASS = YES_ERROR;
				CLANG_WARN_UNREACHABLE_CODE = YES;
				CLANG_WARN__DUPLICATE_METHOD_MATCH = YES;
				"CODE_SIGN_IDENTITY[sdk=iphoneos*]" = "iPhone Developer";
				COPY_PHASE_STRIP = NO;
				DEBUG_INFORMATION_FORMAT = "dwarf-with-dsym";
				ENABLE_NS_ASSERTIONS = NO;
				ENABLE_STRICT_OBJC_MSGSEND = YES;
				GCC_C_LANGUAGE_STANDARD = gnu99;
				GCC_NO_COMMON_BLOCKS = YES;
				GCC_WARN_64_TO_32_BIT_CONVERSION = YES;
				GCC_WARN_ABOUT_RETURN_TYPE = YES_ERROR;
				GCC_WARN_UNDECLARED_SELECTOR = YES;
				GCC_WARN_UNINITIALIZED_AUTOS = YES_AGGRESSIVE;
				GCC_WARN_UNUSED_FUNCTION = YES;
				GCC_WARN_UNUSED_VARIABLE = YES;
				IPHONEOS_DEPLOYMENT_TARGET = 9.2;
				MTL_ENABLE_DEBUG_INFO = NO;
				SDKROOT = iphoneos;
				TARGETED_DEVICE_FAMILY = "1,2";
				VALIDATE_PRODUCT = YES;
			};
			name = Release;
		};
		740BC0851C5995F00043298C /* Debug */ = {
			isa = XCBuildConfiguration;
			buildSettings = {
				ASSETCATALOG_COMPILER_APPICON_NAME = AppIcon;
				INFOPLIST_FILE = FoodTracker/Info.plist;
				LD_RUNPATH_SEARCH_PATHS = "$(inherited) @executable_path/Frameworks";
				PRODUCT_BUNDLE_IDENTIFIER = com.CameronMoss.FoodTracker;
				PRODUCT_NAME = "$(TARGET_NAME)";
			};
			name = Debug;
		};
		740BC0861C5995F00043298C /* Release */ = {
			isa = XCBuildConfiguration;
			buildSettings = {
				ASSETCATALOG_COMPILER_APPICON_NAME = AppIcon;
				INFOPLIST_FILE = FoodTracker/Info.plist;
				LD_RUNPATH_SEARCH_PATHS = "$(inherited) @executable_path/Frameworks";
				PRODUCT_BUNDLE_IDENTIFIER = com.CameronMoss.FoodTracker;
				PRODUCT_NAME = "$(TARGET_NAME)";
			};
			name = Release;
		};
		740BC0881C5995F00043298C /* Debug */ = {
			isa = XCBuildConfiguration;
			buildSettings = {
				BUNDLE_LOADER = "$(TEST_HOST)";
				INFOPLIST_FILE = FoodTrackerTests/Info.plist;
				LD_RUNPATH_SEARCH_PATHS = "$(inherited) @executable_path/Frameworks @loader_path/Frameworks";
				PRODUCT_BUNDLE_IDENTIFIER = com.CameronMoss.FoodTrackerTests;
				PRODUCT_NAME = "$(TARGET_NAME)";
				TEST_HOST = "$(BUILT_PRODUCTS_DIR)/FoodTracker.app/FoodTracker";
			};
			name = Debug;
		};
		740BC0891C5995F00043298C /* Release */ = {
			isa = XCBuildConfiguration;
			buildSettings = {
				BUNDLE_LOADER = "$(TEST_HOST)";
				INFOPLIST_FILE = FoodTrackerTests/Info.plist;
				LD_RUNPATH_SEARCH_PATHS = "$(inherited) @executable_path/Frameworks @loader_path/Frameworks";
				PRODUCT_BUNDLE_IDENTIFIER = com.CameronMoss.FoodTrackerTests;
				PRODUCT_NAME = "$(TARGET_NAME)";
				TEST_HOST = "$(BUILT_PRODUCTS_DIR)/FoodTracker.app/FoodTracker";
			};
			name = Release;
		};
/* End XCBuildConfiguration section */

/* Begin XCConfigurationList section */
		740BC0621C5995F00043298C /* Build configuration list for PBXProject "FoodTracker" */ = {
			isa = XCConfigurationList;
			buildConfigurations = (
				740BC0821C5995F00043298C /* Debug */,
				740BC0831C5995F00043298C /* Release */,
			);
			defaultConfigurationIsVisible = 0;
			defaultConfigurationName = Release;
		};
		740BC0841C5995F00043298C /* Build configuration list for PBXNativeTarget "FoodTracker" */ = {
			isa = XCConfigurationList;
			buildConfigurations = (
				740BC0851C5995F00043298C /* Debug */,
				740BC0861C5995F00043298C /* Release */,
			);
			defaultConfigurationIsVisible = 0;
		};
		740BC0871C5995F00043298C /* Build configuration list for PBXNativeTarget "FoodTrackerTests" */ = {
			isa = XCConfigurationList;
			buildConfigurations = (
				740BC0881C5995F00043298C /* Debug */,
				740BC0891C5995F00043298C /* Release */,
			);
			defaultConfigurationIsVisible = 0;
		};
/* End XCConfigurationList section */
	};
	rootObject = 740BC05F1C5995F00043298C /* Project object */;
}
